
Microsoft Visual Studio Solution File, Format Version 12.00
# Visual Studio Version 16
VisualStudioVersion = 16.0.31321.278
MinimumVisualStudioVersion = 10.0.40219.1
Project("{FAE04EC0-301F-11D3-BF4B-00C04F79EFBC}") = "ModbusLib", "ModbusLib.csproj", "{7F44AE93-B4CD-497C-A4A3-8DD978779533}"
EndProject
Global
	GlobalSection(SolutionConfigurationPlatforms) = preSolution
		Debug|Any CPU = Debug|Any CPU
		Release|Any CPU = Release|Any CPU
	EndGlobalSection
	GlobalSection(ProjectConfigurationPlatforms) = postSolution
		{7F44AE93-B4CD-497C-A4A3-8DD978779533}.Debug|Any CPU.ActiveCfg = Debug|Any CPU
		{7F44AE93-B4CD-497C-A4A3-8DD978779533}.Debug|Any CPU.Build.0 = Debug|Any CPU
		{7F44AE93-B4CD-497C-A4A3-8DD978779533}.Release|Any CPU.ActiveCfg = Release|Any CPU
		{7F44AE93-B4CD-497C-A4A3-8DD978779533}.Release|Any CPU.Build.0 = Release|Any CPU
	EndGlobalSection
	GlobalSection(SolutionProperties) = preSolution
		HideSolutionNode = FALSE
	EndGlobalSection
	GlobalSection(ExtensibilityGlobals) = postSolution
		SolutionGuid = {88F13713-7ED7-4C97-A581-6F4E02927F1F}
	EndGlobalSection
EndGlobal
